
Microsoft Visual Studio Solution File, Format Version 12.00
Project("{FAE04EC0-301F-11D3-BF4B-00C04F79EFBC}") = "PJATK-APBD-Cw5-s29953", "PJATK-APBD-Cw5-s29953\PJATK-APBD-Cw5-s29953.csproj", "{22440473-12E1-493D-9B52-BAC8E9859892}"
EndProject
Global
	GlobalSection(SolutionConfigurationPlatforms) = preSolution
		Debug|Any CPU = Debug|Any CPU
		Release|Any CPU = Release|Any CPU
	EndGlobalSection
	GlobalSection(ProjectConfigurationPlatforms) = postSolution
		{22440473-12E1-493D-9B52-BAC8E9859892}.Debug|Any CPU.ActiveCfg = Debug|Any CPU
		{22440473-12E1-493D-9B52-BAC8E9859892}.Debug|Any CPU.Build.0 = Debug|Any CPU
		{22440473-12E1-493D-9B52-BAC8E9859892}.Release|Any CPU.ActiveCfg = Release|Any CPU
		{22440473-12E1-493D-9B52-BAC8E9859892}.Release|Any CPU.Build.0 = Release|Any CPU
	EndGlobalSection
EndGlobal
